// !$*UTF8*$!
{
	archiveVersion = 1;
	classes = {
	};
	objectVersion = 50;
	objects = {

/* Begin PBXBuildFile section */
		7811BB0B17F2C27398E4A4B9 /* Pods_MediaLibraryTest.framework in Frameworks */ = {isa = PBXBuildFile; fileRef = 850DA0FD62C48C1627400F2A /* Pods_MediaLibraryTest.framework */; };
		DBAFF9E022875FB70095E4DA /* AppDelegate.swift in Sources */ = {isa = PBXBuildFile; fileRef = DBAFF9DF22875FB70095E4DA /* AppDelegate.swift */; };
		DBAFF9E222875FB70095E4DA /* ViewController.swift in Sources */ = {isa = PBXBuildFile; fileRef = DBAFF9E122875FB70095E4DA /* ViewController.swift */; };
		DBAFF9E522875FB70095E4DA /* Main.storyboard in Resources */ = {isa = PBXBuildFile; fileRef = DBAFF9E322875FB70095E4DA /* Main.storyboard */; };
		DBAFF9E722875FB80095E4DA /* Assets.xcassets in Resources */ = {isa = PBXBuildFile; fileRef = DBAFF9E622875FB80095E4DA /* Assets.xcassets */; };
		DBAFF9EA22875FB80095E4DA /* LaunchScreen.storyboard in Resources */ = {isa = PBXBuildFile; fileRef = DBAFF9E822875FB80095E4DA /* LaunchScreen.storyboard */; };
		DBAFF9F4228763DF0095E4DA /* BaseApiClient.swift in Sources */ = {isa = PBXBuildFile; fileRef = DBAFF9F3228763DF0095E4DA /* BaseApiClient.swift */; };
		DBAFF9F6228763F00095E4DA /* APIRouter.swift in Sources */ = {isa = PBXBuildFile; fileRef = DBAFF9F5228763F00095E4DA /* APIRouter.swift */; };
		DBAFF9F8228764610095E4DA /* AppExtension.swift in Sources */ = {isa = PBXBuildFile; fileRef = DBAFF9F7228764610095E4DA /* AppExtension.swift */; };
		DBAFF9FA228764700095E4DA /* Constant.swift in Sources */ = {isa = PBXBuildFile; fileRef = DBAFF9F9228764700095E4DA /* Constant.swift */; };
		DBAFF9FC2287647F0095E4DA /* Localization.swift in Sources */ = {isa = PBXBuildFile; fileRef = DBAFF9FB2287647F0095E4DA /* Localization.swift */; };
/* End PBXBuildFile section */

/* Begin PBXFileReference section */
		090B77840391E45DF03D8837 /* Pods-MediaLibraryTest.release.xcconfig */ = {isa = PBXFileReference; includeInIndex = 1; lastKnownFileType = text.xcconfig; name = "Pods-MediaLibraryTest.release.xcconfig"; path = "Target Support Files/Pods-MediaLibraryTest/Pods-MediaLibraryTest.release.xcconfig"; sourceTree = "<group>"; };
		7DA07490975C46431B11CDF2 /* Pods-MediaLibraryTest.debug.xcconfig */ = {isa = PBXFileReference; includeInIndex = 1; lastKnownFileType = text.xcconfig; name = "Pods-MediaLibraryTest.debug.xcconfig"; path = "Target Support Files/Pods-MediaLibraryTest/Pods-MediaLibraryTest.debug.xcconfig"; sourceTree = "<group>"; };
		850DA0FD62C48C1627400F2A /* Pods_MediaLibraryTest.framework */ = {isa = PBXFileReference; explicitFileType = wrapper.framework; includeInIndex = 0; path = Pods_MediaLibraryTest.framework; sourceTree = BUILT_PRODUCTS_DIR; };
		DBAFF9DC22875FB70095E4DA /* MediaLibraryTest.app */ = {isa = PBXFileReference; explicitFileType = wrapper.application; includeInIndex = 0; path = MediaLibraryTest.app; sourceTree = BUILT_PRODUCTS_DIR; };
		DBAFF9DF22875FB70095E4DA /* AppDelegate.swift */ = {isa = PBXFileReference; lastKnownFileType = sourcecode.swift; path = AppDelegate.swift; sourceTree = "<group>"; };
		DBAFF9E122875FB70095E4DA /* ViewController.swift */ = {isa = PBXFileReference; lastKnownFileType = sourcecode.swift; path = ViewController.swift; sourceTree = "<group>"; };
		DBAFF9E422875FB70095E4DA /* Base */ = {isa = PBXFileReference; lastKnownFileType = file.storyboard; name = Base; path = Base.lproj/Main.storyboard; sourceTree = "<group>"; };
		DBAFF9E622875FB80095E4DA /* Assets.xcassets */ = {isa = PBXFileReference; lastKnownFileType = folder.assetcatalog; path = Assets.xcassets; sourceTree = "<group>"; };
		DBAFF9E922875FB80095E4DA /* Base */ = {isa = PBXFileReference; lastKnownFileType = file.storyboard; name = Base; path = Base.lproj/LaunchScreen.storyboard; sourceTree = "<group>"; };
		DBAFF9EB22875FB80095E4DA /* Info.plist */ = {isa = PBXFileReference; lastKnownFileType = text.plist.xml; path = Info.plist; sourceTree = "<group>"; };
		DBAFF9F3228763DF0095E4DA /* BaseApiClient.swift */ = {isa = PBXFileReference; lastKnownFileType = sourcecode.swift; path = BaseApiClient.swift; sourceTree = "<group>"; };
		DBAFF9F5228763F00095E4DA /* APIRouter.swift */ = {isa = PBXFileReference; lastKnownFileType = sourcecode.swift; path = APIRouter.swift; sourceTree = "<group>"; };
		DBAFF9F7228764610095E4DA /* AppExtension.swift */ = {isa = PBXFileReference; lastKnownFileType = sourcecode.swift; path = AppExtension.swift; sourceTree = "<group>"; };
		DBAFF9F9228764700095E4DA /* Constant.swift */ = {isa = PBXFileReference; lastKnownFileType = sourcecode.swift; path = Constant.swift; sourceTree = "<group>"; };
		DBAFF9FB2287647F0095E4DA /* Localization.swift */ = {isa = PBXFileReference; lastKnownFileType = sourcecode.swift; path = Localization.swift; sourceTree = "<group>"; };
/* End PBXFileReference section */

/* Begin PBXFrameworksBuildPhase section */
		DBAFF9D922875FB70095E4DA /* Frameworks */ = {
			isa = PBXFrameworksBuildPhase;
			buildActionMask = 2147483647;
			files = (
				7811BB0B17F2C27398E4A4B9 /* Pods_MediaLibraryTest.framework in Frameworks */,
			);
			runOnlyForDeploymentPostprocessing = 0;
		};
/* End PBXFrameworksBuildPhase section */

/* Begin PBXGroup section */
		4CFC12E19D8F83DD78F76FF7 /* Pods */ = {
			isa = PBXGroup;
			children = (
				7DA07490975C46431B11CDF2 /* Pods-MediaLibraryTest.debug.xcconfig */,
				090B77840391E45DF03D8837 /* Pods-MediaLibraryTest.release.xcconfig */,
			);
			path = Pods;
			sourceTree = "<group>";
		};
		CE8419706D4A7DD8DC3B3310 /* Frameworks */ = {
			isa = PBXGroup;
			children = (
				850DA0FD62C48C1627400F2A /* Pods_MediaLibraryTest.framework */,
			);
			name = Frameworks;
			sourceTree = "<group>";
		};
		DBAFF9D322875FB70095E4DA = {
			isa = PBXGroup;
			children = (
				DBAFF9DE22875FB70095E4DA /* MediaLibraryTest */,
				DBAFF9DD22875FB70095E4DA /* Products */,
				4CFC12E19D8F83DD78F76FF7 /* Pods */,
				CE8419706D4A7DD8DC3B3310 /* Frameworks */,
			);
			sourceTree = "<group>";
		};
		DBAFF9DD22875FB70095E4DA /* Products */ = {
			isa = PBXGroup;
			children = (
				DBAFF9DC22875FB70095E4DA /* MediaLibraryTest.app */,
			);
			name = Products;
			sourceTree = "<group>";
		};
		DBAFF9DE22875FB70095E4DA /* MediaLibraryTest */ = {
			isa = PBXGroup;
			children = (
				DBAFF9F1228763B50095E4DA /* APIClient */,
				DBAFF9F2228763B50095E4DA /* Utils */,
				DBAFF9FD228764DF0095E4DA /* Controller */,
				DBAFF9DF22875FB70095E4DA /* AppDelegate.swift */,
				DBAFF9E322875FB70095E4DA /* Main.storyboard */,
				DBAFF9E622875FB80095E4DA /* Assets.xcassets */,
				DBAFF9E822875FB80095E4DA /* LaunchScreen.storyboard */,
				DBAFF9EB22875FB80095E4DA /* Info.plist */,
			);
			path = MediaLibraryTest;
			sourceTree = "<group>";
		};
		DBAFF9F1228763B50095E4DA /* APIClient */ = {
			isa = PBXGroup;
			children = (
				DBAFF9F3228763DF0095E4DA /* BaseApiClient.swift */,
				DBAFF9F5228763F00095E4DA /* APIRouter.swift */,
			);
			path = APIClient;
			sourceTree = "<group>";
		};
		DBAFF9F2228763B50095E4DA /* Utils */ = {
			isa = PBXGroup;
			children = (
				DBAFF9F7228764610095E4DA /* AppExtension.swift */,
				DBAFF9F9228764700095E4DA /* Constant.swift */,
				DBAFF9FB2287647F0095E4DA /* Localization.swift */,
			);
			path = Utils;
			sourceTree = "<group>";
		};
		DBAFF9FD228764DF0095E4DA /* Controller */ = {
			isa = PBXGroup;
			children = (
				DBAFF9E122875FB70095E4DA /* ViewController.swift */,
			);
			path = Controller;
			sourceTree = "<group>";
		};
/* End PBXGroup section */

/* Begin PBXNativeTarget section */
		DBAFF9DB22875FB70095E4DA /* MediaLibraryTest */ = {
			isa = PBXNativeTarget;
			buildConfigurationList = DBAFF9EE22875FB80095E4DA /* Build configuration list for PBXNativeTarget "MediaLibraryTest" */;
			buildPhases = (
				3ED02158011FD6F247415759 /* [CP] Check Pods Manifest.lock */,
				DBAFF9D822875FB70095E4DA /* Sources */,
				DBAFF9D922875FB70095E4DA /* Frameworks */,
				DBAFF9DA22875FB70095E4DA /* Resources */,
				674775B1DD45BD64838ABE5F /* [CP] Embed Pods Frameworks */,
			);
			buildRules = (
			);
			dependencies = (
			);
			name = MediaLibraryTest;
			productName = MediaLibraryTest;
			productReference = DBAFF9DC22875FB70095E4DA /* MediaLibraryTest.app */;
			productType = "com.apple.product-type.application";
		};
/* End PBXNativeTarget section */

/* Begin PBXProject section */
		DBAFF9D422875FB70095E4DA /* Project object */ = {
			isa = PBXProject;
			attributes = {
				LastSwiftUpdateCheck = 1010;
				LastUpgradeCheck = 1010;
				ORGANIZATIONNAME = Rishil;
				TargetAttributes = {
					DBAFF9DB22875FB70095E4DA = {
						CreatedOnToolsVersion = 10.1;
					};
				};
			};
			buildConfigurationList = DBAFF9D722875FB70095E4DA /* Build configuration list for PBXProject "MediaLibraryTest" */;
			compatibilityVersion = "Xcode 9.3";
			developmentRegion = en;
			hasScannedForEncodings = 0;
			knownRegions = (
				en,
				Base,
			);
			mainGroup = DBAFF9D322875FB70095E4DA;
			productRefGroup = DBAFF9DD22875FB70095E4DA /* Products */;
			projectDirPath = "";
			projectRoot = "";
			targets = (
				DBAFF9DB22875FB70095E4DA /* MediaLibraryTest */,
			);
		};
/* End PBXProject section */

/* Begin PBXResourcesBuildPhase section */
		DBAFF9DA22875FB70095E4DA /* Resources */ = {
			isa = PBXResourcesBuildPhase;
			buildActionMask = 2147483647;
			files = (
				DBAFF9EA22875FB80095E4DA /* LaunchScreen.storyboard in Resources */,
				DBAFF9E722875FB80095E4DA /* Assets.xcassets in Resources */,
				DBAFF9E522875FB70095E4DA /* Main.storyboard in Resources */,
			);
			runOnlyForDeploymentPostprocessing = 0;
		};
/* End PBXResourcesBuildPhase section */

/* Begin PBXShellScriptBuildPhase section */
		3ED02158011FD6F247415759 /* [CP] Check Pods Manifest.lock */ = {
			isa = PBXShellScriptBuildPhase;
			buildActionMask = 2147483647;
			files = (
			);
			inputFileListPaths = (
			);
			inputPaths = (
				"${PODS_PODFILE_DIR_PATH}/Podfile.lock",
				"${PODS_ROOT}/Manifest.lock",
			);
			name = "[CP] Check Pods Manifest.lock";
			outputFileListPaths = (
			);
			outputPaths = (
				"$(DERIVED_FILE_DIR)/Pods-MediaLibraryTest-checkManifestLockResult.txt",
			);
			runOnlyForDeploymentPostprocessing = 0;
			shellPath = /bin/sh;
			shellScript = "diff \"${PODS_PODFILE_DIR_PATH}/Podfile.lock\" \"${PODS_ROOT}/Manifest.lock\" > /dev/null\nif [ $? != 0 ] ; then\n    # print error to STDERR\n    echo \"error: The sandbox is not in sync with the Podfile.lock. Run 'pod install' or update your CocoaPods installation.\" >&2\n    exit 1\nfi\n# This output is used by Xcode 'outputs' to avoid re-running this script phase.\necho \"SUCCESS\" > \"${SCRIPT_OUTPUT_FILE_0}\"\n";
			showEnvVarsInLog = 0;
		};
		674775B1DD45BD64838ABE5F /* [CP] Embed Pods Frameworks */ = {
			isa = PBXShellScriptBuildPhase;
			buildActionMask = 2147483647;
			files = (
			);
			inputFileListPaths = (
			);
			inputPaths = (
				"${PODS_ROOT}/Target Support Files/Pods-MediaLibraryTest/Pods-MediaLibraryTest-frameworks.sh",
				"${BUILT_PRODUCTS_DIR}/Alamofire/Alamofire.framework",
				"${BUILT_PRODUCTS_DIR}/Kingfisher/Kingfisher.framework",
				"${BUILT_PRODUCTS_DIR}/MBProgressHUD/MBProgressHUD.framework",
				"${BUILT_PRODUCTS_DIR}/SnapKit/SnapKit.framework",
			);
			name = "[CP] Embed Pods Frameworks";
			outputFileListPaths = (
			);
			outputPaths = (
				"${TARGET_BUILD_DIR}/${FRAMEWORKS_FOLDER_PATH}/Alamofire.framework",
				"${TARGET_BUILD_DIR}/${FRAMEWORKS_FOLDER_PATH}/Kingfisher.framework",
				"${TARGET_BUILD_DIR}/${FRAMEWORKS_FOLDER_PATH}/MBProgressHUD.framework",
				"${TARGET_BUILD_DIR}/${FRAMEWORKS_FOLDER_PATH}/SnapKit.framework",
			);
			runOnlyForDeploymentPostprocessing = 0;
			shellPath = /bin/sh;
			shellScript = "\"${PODS_ROOT}/Target Support Files/Pods-MediaLibraryTest/Pods-MediaLibraryTest-frameworks.sh\"\n";
			showEnvVarsInLog = 0;
		};
/* End PBXShellScriptBuildPhase section */

/* Begin PBXSourcesBuildPhase section */
		DBAFF9D822875FB70095E4DA /* Sources */ = {
			isa = PBXSourcesBuildPhase;
			buildActionMask = 2147483647;
			files = (
				DBAFF9E222875FB70095E4DA /* ViewController.swift in Sources */,
				DBAFF9F6228763F00095E4DA /* APIRouter.swift in Sources */,
				DBAFF9FC2287647F0095E4DA /* Localization.swift in Sources */,
				DBAFF9F4228763DF0095E4DA /* BaseApiClient.swift in Sources */,
				DBAFF9F8228764610095E4DA /* AppExtension.swift in Sources */,
				DBAFF9E022875FB70095E4DA /* AppDelegate.swift in Sources */,
				DBAFF9FA228764700095E4DA /* Constant.swift in Sources */,
			);
			runOnlyForDeploymentPostprocessing = 0;
		};
/* End PBXSourcesBuildPhase section */

/* Begin PBXVariantGroup section */
		DBAFF9E322875FB70095E4DA /* Main.storyboard */ = {
			isa = PBXVariantGroup;
			children = (
				DBAFF9E422875FB70095E4DA /* Base */,
			);
			name = Main.storyboard;
			sourceTree = "<group>";
		};
		DBAFF9E822875FB80095E4DA /* LaunchScreen.storyboard */ = {
			isa = PBXVariantGroup;
			children = (
				DBAFF9E922875FB80095E4DA /* Base */,
			);
			name = LaunchScreen.storyboard;
			sourceTree = "<group>";
		};
/* End PBXVariantGroup section */

/* Begin XCBuildConfiguration section */
		DBAFF9EC22875FB80095E4DA /* Debug */ = {
			isa = XCBuildConfiguration;
			buildSettings = {
				ALWAYS_SEARCH_USER_PATHS = NO;
				CLANG_ANALYZER_NONNULL = YES;
				CLANG_ANALYZER_NUMBER_OBJECT_CONVERSION = YES_AGGRESSIVE;
				CLANG_CXX_LANGUAGE_STANDARD = "gnu++14";
				CLANG_CXX_LIBRARY = "libc++";
				CLANG_ENABLE_MODULES = YES;
				CLANG_ENABLE_OBJC_ARC = YES;
				CLANG_ENABLE_OBJC_WEAK = YES;
				CLANG_WARN_BLOCK_CAPTURE_AUTORELEASING = YES;
				CLANG_WARN_BOOL_CONVERSION = YES;
				CLANG_WARN_COMMA = YES;
				CLANG_WARN_CONSTANT_CONVERSION = YES;
				CLANG_WARN_DEPRECATED_OBJC_IMPLEMENTATIONS = YES;
				CLANG_WARN_DIRECT_OBJC_ISA_USAGE = YES_ERROR;
				CLANG_WARN_DOCUMENTATION_COMMENTS = YES;
				CLANG_WARN_EMPTY_BODY = YES;
				CLANG_WARN_ENUM_CONVERSION = YES;
				CLANG_WARN_INFINITE_RECURSION = YES;
				CLANG_WARN_INT_CONVERSION = YES;
				CLANG_WARN_NON_LITERAL_NULL_CONVERSION = YES;
				CLANG_WARN_OBJC_IMPLICIT_RETAIN_SELF = YES;
				CLANG_WARN_OBJC_LITERAL_CONVERSION = YES;
				CLANG_WARN_OBJC_ROOT_CLASS = YES_ERROR;
				CLANG_WARN_RANGE_LOOP_ANALYSIS = YES;
				CLANG_WARN_STRICT_PROTOTYPES = YES;
				CLANG_WARN_SUSPICIOUS_MOVE = YES;
				CLANG_WARN_UNGUARDED_AVAILABILITY = YES_AGGRESSIVE;
				CLANG_WARN_UNREACHABLE_CODE = YES;
				CLANG_WARN__DUPLICATE_METHOD_MATCH = YES;
				CODE_SIGN_IDENTITY = "iPhone Developer";
				COPY_PHASE_STRIP = NO;
				DEBUG_INFORMATION_FORMAT = dwarf;
				ENABLE_STRICT_OBJC_MSGSEND = YES;
				ENABLE_TESTABILITY = YES;
				GCC_C_LANGUAGE_STANDARD = gnu11;
				GCC_DYNAMIC_NO_PIC = NO;
				GCC_NO_COMMON_BLOCKS = YES;
				GCC_OPTIMIZATION_LEVEL = 0;
				GCC_PREPROCESSOR_DEFINITIONS = (
					"DEBUG=1",
					"$(inherited)",
				);
				GCC_WARN_64_TO_32_BIT_CONVERSION = YES;
				GCC_WARN_ABOUT_RETURN_TYPE = YES_ERROR;
				GCC_WARN_UNDECLARED_SELECTOR = YES;
				GCC_WARN_UNINITIALIZED_AUTOS = YES_AGGRESSIVE;
				GCC_WARN_UNUSED_FUNCTION = YES;
				GCC_WARN_UNUSED_VARIABLE = YES;
				IPHONEOS_DEPLOYMENT_TARGET = 12.1;
				MTL_ENABLE_DEBUG_INFO = INCLUDE_SOURCE;
				MTL_FAST_MATH = YES;
				ONLY_ACTIVE_ARCH = YES;
				SDKROOT = iphoneos;
				SWIFT_ACTIVE_COMPILATION_CONDITIONS = DEBUG;
				SWIFT_OPTIMIZATION_LEVEL = "-Onone";
			};
			name = Debug;
		};
		DBAFF9ED22875FB80095E4DA /* Release */ = {
			isa = XCBuildConfiguration;
			buildSettings = {
				ALWAYS_SEARCH_USER_PATHS = NO;
				CLANG_ANALYZER_NONNULL = YES;
				CLANG_ANALYZER_NUMBER_OBJECT_CONVERSION = YES_AGGRESSIVE;
				CLANG_CXX_LANGUAGE_STANDARD = "gnu++14";
				CLANG_CXX_LIBRARY = "libc++";
				CLANG_ENABLE_MODULES = YES;
				CLANG_ENABLE_OBJC_ARC = YES;
				CLANG_ENABLE_OBJC_WEAK = YES;
				CLANG_WARN_BLOCK_CAPTURE_AUTORELEASING = YES;
				CLANG_WARN_BOOL_CONVERSION = YES;
				CLANG_WARN_COMMA = YES;
				CLANG_WARN_CONSTANT_CONVERSION = YES;
				CLANG_WARN_DEPRECATED_OBJC_IMPLEMENTATIONS = YES;
				CLANG_WARN_DIRECT_OBJC_ISA_USAGE = YES_ERROR;
				CLANG_WARN_DOCUMENTATION_COMMENTS = YES;
				CLANG_WARN_EMPTY_BODY = YES;
				CLANG_WARN_ENUM_CONVERSION = YES;
				CLANG_WARN_INFINITE_RECURSION = YES;
				CLANG_WARN_INT_CONVERSION = YES;
				CLANG_WARN_NON_LITERAL_NULL_CONVERSION = YES;
				CLANG_WARN_OBJC_IMPLICIT_RETAIN_SELF = YES;
				CLANG_WARN_OBJC_LITERAL_CONVERSION = YES;
				CLANG_WARN_OBJC_ROOT_CLASS = YES_ERROR;
				CLANG_WARN_RANGE_LOOP_ANALYSIS = YES;
				CLANG_WARN_STRICT_PROTOTYPES = YES;
				CLANG_WARN_SUSPICIOUS_MOVE = YES;
				CLANG_WARN_UNGUARDED_AVAILABILITY = YES_AGGRESSIVE;
				CLANG_WARN_UNREACHABLE_CODE = YES;
				CLANG_WARN__DUPLICATE_METHOD_MATCH = YES;
				CODE_SIGN_IDENTITY = "iPhone Developer";
				COPY_PHASE_STRIP = NO;
				DEBUG_INFORMATION_FORMAT = "dwarf-with-dsym";
				ENABLE_NS_ASSERTIONS = NO;
				ENABLE_STRICT_OBJC_MSGSEND = YES;
				GCC_C_LANGUAGE_STANDARD = gnu11;
				GCC_NO_COMMON_BLOCKS = YES;
				GCC_WARN_64_TO_32_BIT_CONVERSION = YES;
				GCC_WARN_ABOUT_RETURN_TYPE = YES_ERROR;
				GCC_WARN_UNDECLARED_SELECTOR = YES;
				GCC_WARN_UNINITIALIZED_AUTOS = YES_AGGRESSIVE;
				GCC_WARN_UNUSED_FUNCTION = YES;
				GCC_WARN_UNUSED_VARIABLE = YES;
				IPHONEOS_DEPLOYMENT_TARGET = 12.1;
				MTL_ENABLE_DEBUG_INFO = NO;
				MTL_FAST_MATH = YES;
				SDKROOT = iphoneos;
				SWIFT_COMPILATION_MODE = wholemodule;
				SWIFT_OPTIMIZATION_LEVEL = "-O";
				VALIDATE_PRODUCT = YES;
			};
			name = Release;
		};
		DBAFF9EF22875FB80095E4DA /* Debug */ = {
			isa = XCBuildConfiguration;
			baseConfigurationReference = 7DA07490975C46431B11CDF2 /* Pods-MediaLibraryTest.debug.xcconfig */;
			buildSettings = {
				ASSETCATALOG_COMPILER_APPICON_NAME = AppIcon;
				CODE_SIGN_STYLE = Automatic;
				INFOPLIST_FILE = MediaLibraryTest/Info.plist;
				LD_RUNPATH_SEARCH_PATHS = (
					"$(inherited)",
					"@executable_path/Frameworks",
				);
				PRODUCT_BUNDLE_IDENTIFIER = com.rishil.MediaLibraryTest;
				PRODUCT_NAME = "$(TARGET_NAME)";
				SWIFT_VERSION = 4.2;
				TARGETED_DEVICE_FAMILY = "1,2";
			};
			name = Debug;
		};
		DBAFF9F022875FB80095E4DA /* Release */ = {
			isa = XCBuildConfiguration;
			baseConfigurationReference = 090B77840391E45DF03D8837 /* Pods-MediaLibraryTest.release.xcconfig */;
			buildSettings = {
				ASSETCATALOG_COMPILER_APPICON_NAME = AppIcon;
				CODE_SIGN_STYLE = Automatic;
				INFOPLIST_FILE = MediaLibraryTest/Info.plist;
				LD_RUNPATH_SEARCH_PATHS = (
					"$(inherited)",
					"@executable_path/Frameworks",
				);
				PRODUCT_BUNDLE_IDENTIFIER = com.rishil.MediaLibraryTest;
				PRODUCT_NAME = "$(TARGET_NAME)";
				SWIFT_VERSION = 4.2;
				TARGETED_DEVICE_FAMILY = "1,2";
			};
			name = Release;
		};
/* End XCBuildConfiguration section */

/* Begin XCConfigurationList section */
		DBAFF9D722875FB70095E4DA /* Build configuration list for PBXProject "MediaLibraryTest" */ = {
			isa = XCConfigurationList;
			buildConfigurations = (
				DBAFF9EC22875FB80095E4DA /* Debug */,
				DBAFF9ED22875FB80095E4DA /* Release */,
			);
			defaultConfigurationIsVisible = 0;
			defaultConfigurationName = Release;
		};
		DBAFF9EE22875FB80095E4DA /* Build configuration list for PBXNativeTarget "MediaLibraryTest" */ = {
			isa = XCConfigurationList;
			buildConfigurations = (
				DBAFF9EF22875FB80095E4DA /* Debug */,
				DBAFF9F022875FB80095E4DA /* Release */,
			);
			defaultConfigurationIsVisible = 0;
			defaultConfigurationName = Release;
		};
/* End XCConfigurationList section */
	};
	rootObject = DBAFF9D422875FB70095E4DA /* Project object */;
}
